{
  "name": "api",
  "version": "1.0.0",
  "lockfileVersion": 2,
  "requires": true,
  "packages": {
    "": {
      "version": "1.0.0",
      "license": "MIT",
      "dependencies": {
        "@prisma/client": "^3.11.0",
        "prisma": "^3.11.0"
      },
      "devDependencies": {
        "@azure/functions": "^3.0.0"
      }
    },
    "node_modules/@azure/functions": {
      "version": "3.0.0",
      "resolved": "https://registry.npmjs.org/@azure/functions/-/functions-3.0.0.tgz",
      "integrity": "sha512-nxOdQdYoy9JEdAPsQlBWavsRvbH5qT2fpwMcY64s1sLIT8QwtW7ebh/MJNgzeAac+JaC6IED7plDiizq8oZUNw==",
      "dev": true
    },
    "node_modules/@prisma/client": {
      "version": "3.12.0",
      "resolved": "https://registry.npmjs.org/@prisma/client/-/client-3.12.0.tgz",
      "integrity": "sha512-4NEQjUcWja/NVBvfuDFscWSk1/rXg3+wj+TSkqXCb1tKlx/bsUE00rxsvOvGg7VZ6lw1JFpGkwjwmsOIc4zvQw==",
      "hasInstallScript": true,
      "dependencies": {
        "@prisma/engines-version": "3.12.0-37.22b822189f46ef0dc5c5b503368d1bee01213980"
      },
      "engines": {
        "node": ">=12.6"
      },
      "peerDependencies": {
        "prisma": "*"
      },
      "peerDependenciesMeta": {
        "prisma": {
          "optional": true
        }
      }
    },
    "node_modules/@prisma/engines": {
      "version": "3.12.0-37.22b822189f46ef0dc5c5b503368d1bee01213980",
      "resolved": "https://registry.npmjs.org/@prisma/engines/-/engines-3.12.0-37.22b822189f46ef0dc5c5b503368d1bee01213980.tgz",
      "integrity": "sha512-zULjkN8yhzS7B3yeEz4aIym4E2w1ChrV12i14pht3ePFufvsAvBSoZ+tuXMvfSoNTgBS5E4bolRzLbMmbwkkMQ==",
      "hasInstallScript": true
    },
    "node_modules/@prisma/engines-version": {
      "version": "3.12.0-37.22b822189f46ef0dc5c5b503368d1bee01213980",
      "resolved": "https://registry.npmjs.org/@prisma/engines-version/-/engines-version-3.12.0-37.22b822189f46ef0dc5c5b503368d1bee01213980.tgz",
      "integrity": "sha512-o+jo8d7ZEiVpcpNWUDh3fj2uPQpBxl79XE9ih9nkogJbhw6P33274SHnqheedZ7PyvPIK/mvU8MLNYgetgXPYw=="
    },
    "node_modules/prisma": {
      "version": "3.12.0",
      "resolved": "https://registry.npmjs.org/prisma/-/prisma-3.12.0.tgz",
      "integrity": "sha512-ltCMZAx1i0i9xuPM692Srj8McC665h6E5RqJom999sjtVSccHSD8Z+HSdBN2183h9PJKvC5dapkn78dd0NWMBg==",
      "hasInstallScript": true,
      "dependencies": {
        "@prisma/engines": "3.12.0-37.22b822189f46ef0dc5c5b503368d1bee01213980"
      },
      "bin": {
        "prisma": "build/index.js",
        "prisma2": "build/index.js"
      },
      "engines": {
        "node": ">=12.6"
      }
    }
  },
  "dependencies": {
    "@azure/functions": {
      "version": "3.0.0",
      "resolved": "https://registry.npmjs.org/@azure/functions/-/functions-3.0.0.tgz",
      "integrity": "sha512-nxOdQdYoy9JEdAPsQlBWavsRvbH5qT2fpwMcY64s1sLIT8QwtW7ebh/MJNgzeAac+JaC6IED7plDiizq8oZUNw==",
      "dev": true
    },
    "@prisma/client": {
      "version": "3.12.0",
      "resolved": "https://registry.npmjs.org/@prisma/client/-/client-3.12.0.tgz",
      "integrity": "sha512-4NEQjUcWja/NVBvfuDFscWSk1/rXg3+wj+TSkqXCb1tKlx/bsUE00rxsvOvGg7VZ6lw1JFpGkwjwmsOIc4zvQw==",
      "requires": {
        "@prisma/engines-version": "3.12.0-37.22b822189f46ef0dc5c5b503368d1bee01213980"
      }
    },
    "@prisma/engines": {
      "version": "3.12.0-37.22b822189f46ef0dc5c5b503368d1bee01213980",
      "resolved": "https://registry.npmjs.org/@prisma/engines/-/engines-3.12.0-37.22b822189f46ef0dc5c5b503368d1bee01213980.tgz",
      "integrity": "sha512-zULjkN8yhzS7B3yeEz4aIym4E2w1ChrV12i14pht3ePFufvsAvBSoZ+tuXMvfSoNTgBS5E4bolRzLbMmbwkkMQ=="
    },
    "@prisma/engines-version": {
      "version": "3.12.0-37.22b822189f46ef0dc5c5b503368d1bee01213980",
      "resolved": "https://registry.npmjs.org/@prisma/engines-version/-/engines-version-3.12.0-37.22b822189f46ef0dc5c5b503368d1bee01213980.tgz",
      "integrity": "sha512-o+jo8d7ZEiVpcpNWUDh3fj2uPQpBxl79XE9ih9nkogJbhw6P33274SHnqheedZ7PyvPIK/mvU8MLNYgetgXPYw=="
    },
    "prisma": {
      "version": "3.12.0",
      "resolved": "https://registry.npmjs.org/prisma/-/prisma-3.12.0.tgz",
      "integrity": "sha512-ltCMZAx1i0i9xuPM692Srj8McC665h6E5RqJom999sjtVSccHSD8Z+HSdBN2183h9PJKvC5dapkn78dd0NWMBg==",
      "requires": {
        "@prisma/engines": "3.12.0-37.22b822189f46ef0dc5c5b503368d1bee01213980"
      }
    }
  }
}
